{
  "lockfile_version": "1",
  "packages": {
    "awscli2@latest": {
      "last_modified": "2025-03-16T16:17:41Z",
      "resolved": "github:NixOS/nixpkgs/8f76cf16b17c51ae0cc8e55488069593f6dab645#awscli2",
      "source": "devbox-search",
      "version": "2.24.22",
      "systems": {
        "aarch64-darwin": {
          "outputs": [
            {
              "name": "out",
              "path": "/nix/store/wz8q35z6g1ijx2qkwzgbmnixpjcx0af2-awscli2-2.24.22",
              "default": true
            },
            {
              "name": "dist",
              "path": "/nix/store/5rrvg886p3x88y81srlyzqi9a5h3xzp3-awscli2-2.24.22-dist"
            }
          ],
          "store_path": "/nix/store/wz8q35z6g1ijx2qkwzgbmnixpjcx0af2-awscli2-2.24.22"
        },
        "aarch64-linux": {
          "outputs": [
            {
              "name": "out",
              "path": "/nix/store/hjkdcx9nhyzq28pp2h158s6bwy18a7kk-awscli2-2.24.22",
              "default": true
            },
            {
              "name": "dist",
              "path": "/nix/store/p0nr2ydai7h3p92kpmfhr4wbq4kiiyrl-awscli2-2.24.22-dist"
            }
          ],
          "store_path": "/nix/store/hjkdcx9nhyzq28pp2h158s6bwy18a7kk-awscli2-2.24.22"
        },
        "x86_64-darwin": {
          "outputs": [
            {
              "name": "out",
              "path": "/nix/store/agx73c9mf6203myj4jd1cqmvz430af3s-awscli2-2.24.22",
              "default": true
            },
            {
              "name": "dist",
              "path": "/nix/store/1s69i07wfj53im8grq1lmd50sd4gydwv-awscli2-2.24.22-dist"
            }
          ],
          "store_path": "/nix/store/agx73c9mf6203myj4jd1cqmvz430af3s-awscli2-2.24.22"
        },
        "x86_64-linux": {
          "outputs": [
            {
              "name": "out",
              "path": "/nix/store/bgvyzav4ybv0b47535rdsmngsrwcj1ih-awscli2-2.24.22",
              "default": true
            },
            {
              "name": "dist",
              "path": "/nix/store/x6smm4ccvhsn3n2880vg0x6jja0xdby8-awscli2-2.24.22-dist"
            }
          ],
          "store_path": "/nix/store/bgvyzav4ybv0b47535rdsmngsrwcj1ih-awscli2-2.24.22"
        }
      }
    },
    "curl@latest": {
      "last_modified": "2025-03-17T10:12:08Z",
      "resolved": "github:NixOS/nixpkgs/096478927c360bc18ea80c8274f013709cf7bdcd#curl",
      "source": "devbox-search",
      "version": "8.12.1",
      "systems": {
        "aarch64-darwin": {
          "outputs": [
            {
              "name": "bin",
              "path": "/nix/store/baiigsw3z45r6flc0sp3yfn2miy287cf-curl-8.12.1-bin",
              "default": true
            },
            {
              "name": "man",
              "path": "/nix/store/rcjd846pvsdd4wkancjcnkjx29mxp9cj-curl-8.12.1-man",
              "default": true
            },
            {
              "name": "dev",
              "path": "/nix/store/6105r6dknsdcv1bg2p7lclm7hp6vdcvi-curl-8.12.1-dev"
            },
            {
              "name": "devdoc",
              "path": "/nix/store/zzr5ncacmpzxvh1vrh74iri5w630z23c-curl-8.12.1-devdoc"
            },
            {
              "name": "out",
              "path": "/nix/store/j97v5hphlqwlifqhyipw7jj32a9fkhmp-curl-8.12.1"
            }
          ],
          "store_path": "/nix/store/baiigsw3z45r6flc0sp3yfn2miy287cf-curl-8.12.1-bin"
        },
        "aarch64-linux": {
          "outputs": [
            {
              "name": "bin",
              "path": "/nix/store/mky4ls4yyinks01394shqhk6alhn9xh6-curl-8.12.1-bin",
              "default": true
            },
            {
              "name": "man",
              "path": "/nix/store/m18cmv4nl58giw3zalrlldw40ksil6kr-curl-8.12.1-man",
              "default": true
            },
            {
              "name": "debug",
              "path": "/nix/store/0mn2mfyqjb3ybrp8sx1m0wadbvsl02z4-curl-8.12.1-debug"
            },
            {
              "name": "dev",
              "path": "/nix/store/75li6f1pfd8w00ilffaqywpgn910z88l-curl-8.12.1-dev"
            },
            {
              "name": "devdoc",
              "path": "/nix/store/mp9ny9x3608fbf3zcq8rqlc6lxhxjj49-curl-8.12.1-devdoc"
            },
            {
              "name": "out",
              "path": "/nix/store/y1f35w8psglsf3scfwwr58mv4ai2j8p0-curl-8.12.1"
            }
          ],
          "store_path": "/nix/store/mky4ls4yyinks01394shqhk6alhn9xh6-curl-8.12.1-bin"
        },
        "x86_64-darwin": {
          "outputs": [
            {
              "name": "bin",
              "path": "/nix/store/0r4yc6516kqylzccq9f35gni14hlpa3x-curl-8.12.1-bin",
              "default": true
            },
            {
              "name": "man",
              "path": "/nix/store/ahx6ha7fr19g4km7ckwg8m18bzrszccn-curl-8.12.1-man",
              "default": true
            },
            {
              "name": "dev",
              "path": "/nix/store/ylr090jisy6rcp6h7gz4j5s79xdga61y-curl-8.12.1-dev"
            },
            {
              "name": "devdoc",
              "path": "/nix/store/dmmqlds05glry24fppkgnd6mkgbv13fx-curl-8.12.1-devdoc"
            },
            {
              "name": "out",
              "path": "/nix/store/p2xnwb804lsv8azrkqrvs4ng7ivbaqmd-curl-8.12.1"
            }
          ],
          "store_path": "/nix/store/0r4yc6516kqylzccq9f35gni14hlpa3x-curl-8.12.1-bin"
        },
        "x86_64-linux": {
          "outputs": [
            {
              "name": "bin",
              "path": "/nix/store/ipyzblpplw889rdvmm7sw8r3kf24p6c2-curl-8.12.1-bin",
              "default": true
            },
            {
              "name": "man",
              "path": "/nix/store/kf2jk2p8bf3lvasxy5pmib6irgs28rl2-curl-8.12.1-man",
              "default": true
            },
            {
              "name": "dev",
              "path": "/nix/store/adpdg2yhykxgm13r8nj9xqbj676vxv3n-curl-8.12.1-dev"
            },
            {
              "name": "devdoc",
              "path": "/nix/store/m1kmbias4l6g6w5jifc0q1wc2sn7hj7c-curl-8.12.1-devdoc"
            },
            {
              "name": "out",
              "path": "/nix/store/xbxq9d2npfdb6954wdc5aa7skf2bpdxs-curl-8.12.1"
            },
            {
              "name": "debug",
              "path": "/nix/store/c8dh5156hf1ikfnhihiiv97bj67fzkh0-curl-8.12.1-debug"
            }
          ],
          "store_path": "/nix/store/ipyzblpplw889rdvmm7sw8r3kf24p6c2-curl-8.12.1-bin"
        }
      }
    },
    "direnv@latest": {
      "last_modified": "2025-03-13T11:38:39Z",
      "resolved": "github:NixOS/nixpkgs/573c650e8a14b2faa0041645ab18aed7e60f0c9a#direnv",
      "source": "devbox-search",
      "version": "2.35.0",
      "systems": {
        "aarch64-darwin": {
          "outputs": [
            {
              "name": "out",
              "path": "/nix/store/j2q2x2g7kvjymp3qjr0qfa8rmm2sjfvv-direnv-2.35.0",
              "default": true
            }
          ],
          "store_path": "/nix/store/j2q2x2g7kvjymp3qjr0qfa8rmm2sjfvv-direnv-2.35.0"
        },
        "aarch64-linux": {
          "outputs": [
            {
              "name": "out",
              "path": "/nix/store/d4brpy1d3pvgqb7af1ibf7zr7dqqz8na-direnv-2.35.0",
              "default": true
            }
          ],
          "store_path": "/nix/store/d4brpy1d3pvgqb7af1ibf7zr7dqqz8na-direnv-2.35.0"
        },
        "x86_64-darwin": {
          "outputs": [
            {
              "name": "out",
              "path": "/nix/store/j1zrf9hd571bigkb6ibpwpaivk51m4i1-direnv-2.35.0",
              "default": true
            }
          ],
          "store_path": "/nix/store/j1zrf9hd571bigkb6ibpwpaivk51m4i1-direnv-2.35.0"
        },
        "x86_64-linux": {
          "outputs": [
            {
              "name": "out",
              "path": "/nix/store/v2ksznn11whi9a5lnjsk2c8a54w7jxph-direnv-2.35.0",
              "default": true
            }
          ],
          "store_path": "/nix/store/v2ksznn11whi9a5lnjsk2c8a54w7jxph-direnv-2.35.0"
        }
      }
    },
    "docker-buildx@latest": {
      "last_modified": "2025-03-09T04:32:06Z",
      "resolved": "github:NixOS/nixpkgs/9004cb4a05a42b15a6a2eef84acc72152e45ff33#docker-buildx",
      "source": "devbox-search",
      "version": "0.20.1",
      "systems": {
        "aarch64-darwin": {
          "outputs": [
            {
              "name": "out",
              "path": "/nix/store/m6x7w3app2kajg3018j35abs84pmsaif-docker-buildx-0.20.1",
              "default": true
            }
          ],
          "store_path": "/nix/store/m6x7w3app2kajg3018j35abs84pmsaif-docker-buildx-0.20.1"
        },
        "aarch64-linux": {
          "outputs": [
            {
              "name": "out",
              "path": "/nix/store/zpizx8ky6idha4hdqslrv8ld7i0gg981-docker-buildx-0.20.1",
              "default": true
            }
          ],
          "store_path": "/nix/store/zpizx8ky6idha4hdqslrv8ld7i0gg981-docker-buildx-0.20.1"
        },
        "x86_64-darwin": {
          "outputs": [
            {
              "name": "out",
              "path": "/nix/store/ws07pckw1hlvzzczqbya3zjalrldvg5b-docker-buildx-0.20.1",
              "default": true
            }
          ],
          "store_path": "/nix/store/ws07pckw1hlvzzczqbya3zjalrldvg5b-docker-buildx-0.20.1"
        },
        "x86_64-linux": {
          "outputs": [
            {
              "name": "out",
              "path": "/nix/store/5yjjmk0g0c4j2h0v26ncdyl78f2d9f0s-docker-buildx-0.20.1",
              "default": true
            }
          ],
          "store_path": "/nix/store/5yjjmk0g0c4j2h0v26ncdyl78f2d9f0s-docker-buildx-0.20.1"
        }
      }
    },
    "docker@latest": {
      "last_modified": "2025-03-16T16:17:41Z",
      "resolved": "github:NixOS/nixpkgs/8f76cf16b17c51ae0cc8e55488069593f6dab645#docker",
      "source": "devbox-search",
      "version": "27.5.1",
      "systems": {
        "aarch64-darwin": {
          "outputs": [
            {
              "name": "out",
              "path": "/nix/store/i9h5shp9wsfg8a1zq77m7sa5ym6gynx7-docker-27.5.1",
              "default": true
            }
          ],
          "store_path": "/nix/store/i9h5shp9wsfg8a1zq77m7sa5ym6gynx7-docker-27.5.1"
        },
        "aarch64-linux": {
          "outputs": [
            {
              "name": "out",
              "path": "/nix/store/5rqxkvdi9a795dpzdbimd6j7b3a6hakc-docker-27.5.1",
              "default": true
            }
          ],
          "store_path": "/nix/store/5rqxkvdi9a795dpzdbimd6j7b3a6hakc-docker-27.5.1"
        },
        "x86_64-darwin": {
          "outputs": [
            {
              "name": "out",
              "path": "/nix/store/qfrfjbcvah6p3pnvg297a8agv56prvzs-docker-27.5.1",
              "default": true
            }
          ],
          "store_path": "/nix/store/qfrfjbcvah6p3pnvg297a8agv56prvzs-docker-27.5.1"
        },
        "x86_64-linux": {
          "outputs": [
            {
              "name": "out",
              "path": "/nix/store/cwh08cz8yy943j913dnxc1r2j03qqbqk-docker-27.5.1",
              "default": true
            }
          ],
          "store_path": "/nix/store/cwh08cz8yy943j913dnxc1r2j03qqbqk-docker-27.5.1"
        }
      }
    },
    "envsubst@latest": {
      "last_modified": "2025-03-13T11:38:39Z",
      "resolved": "github:NixOS/nixpkgs/573c650e8a14b2faa0041645ab18aed7e60f0c9a#envsubst",
      "source": "devbox-search",
      "version": "1.4.3",
      "systems": {
        "aarch64-darwin": {
          "outputs": [
            {
              "name": "out",
              "path": "/nix/store/7mjq4k1cml69mlzs6s8angvrlmimg46l-envsubst-1.4.3",
              "default": true
            }
          ],
          "store_path": "/nix/store/7mjq4k1cml69mlzs6s8angvrlmimg46l-envsubst-1.4.3"
        },
        "aarch64-linux": {
          "outputs": [
            {
              "name": "out",
              "path": "/nix/store/525gfxbch1hcbm3dayxhjbi6pz8wbjgn-envsubst-1.4.3",
              "default": true
            }
          ],
          "store_path": "/nix/store/525gfxbch1hcbm3dayxhjbi6pz8wbjgn-envsubst-1.4.3"
        },
        "x86_64-darwin": {
          "outputs": [
            {
              "name": "out",
              "path": "/nix/store/1kv0wdd1cpgcixhqcjl9pk426fin7r91-envsubst-1.4.3",
              "default": true
            }
          ],
          "store_path": "/nix/store/1kv0wdd1cpgcixhqcjl9pk426fin7r91-envsubst-1.4.3"
        },
        "x86_64-linux": {
          "outputs": [
            {
              "name": "out",
              "path": "/nix/store/mrd7mba205x134jq7ghcmi19rbr8clxj-envsubst-1.4.3",
              "default": true
            }
          ],
          "store_path": "/nix/store/mrd7mba205x134jq7ghcmi19rbr8clxj-envsubst-1.4.3"
        }
      }
    },
    "fluxcd@latest": {
      "last_modified": "2025-03-16T16:17:41Z",
      "resolved": "github:NixOS/nixpkgs/8f76cf16b17c51ae0cc8e55488069593f6dab645#fluxcd",
      "source": "devbox-search",
      "version": "2.5.0",
      "systems": {
        "aarch64-darwin": {
          "outputs": [
            {
              "name": "out",
              "path": "/nix/store/dsg3qd5vlhrpm1fgw6s3c0cm1p98y1vc-fluxcd-2.5.0",
              "default": true
            }
          ],
          "store_path": "/nix/store/dsg3qd5vlhrpm1fgw6s3c0cm1p98y1vc-fluxcd-2.5.0"
        },
        "aarch64-linux": {
          "outputs": [
            {
              "name": "out",
              "path": "/nix/store/fm5rbwxd41rj2980qknjc9mnrd494kg4-fluxcd-2.5.0",
              "default": true
            }
          ],
          "store_path": "/nix/store/fm5rbwxd41rj2980qknjc9mnrd494kg4-fluxcd-2.5.0"
        },
        "x86_64-darwin": {
          "outputs": [
            {
              "name": "out",
              "path": "/nix/store/m03n432dl66ywgl4qankgpflm0b69qm9-fluxcd-2.5.0",
              "default": true
            }
          ],
          "store_path": "/nix/store/m03n432dl66ywgl4qankgpflm0b69qm9-fluxcd-2.5.0"
        },
        "x86_64-linux": {
          "outputs": [
            {
              "name": "out",
              "path": "/nix/store/3d9q3fp2k456xs6iz9y0y56mzgq7q1lx-fluxcd-2.5.0",
              "default": true
            }
          ],
          "store_path": "/nix/store/3d9q3fp2k456xs6iz9y0y56mzgq7q1lx-fluxcd-2.5.0"
        }
      }
    },
    "github-cli@latest": {
      "last_modified": "2023-02-24T09:01:09Z",
      "resolved": "github:NixOS/nixpkgs/7d0ed7f2e5aea07ab22ccb338d27fbe347ed2f11#github-cli",
      "source": "devbox-search",
      "version": "2.23.0",
      "systems": {
        "aarch64-darwin": {
          "store_path": "/nix/store/i3pg3w9482dqw6wl7f2z5vn1c5bspk4b-gh-2.23.0"
        },
        "x86_64-darwin": {
          "store_path": "/nix/store/89m1dqjbicqhvqyxf58x1944h193x05n-gh-2.23.0"
        },
        "x86_64-linux": {
          "store_path": "/nix/store/asx7ishza3n6lffbzs4m7101ggsmd205-gh-2.23.0"
        }
      }
    },
    "gitlint@latest": {
      "last_modified": "2025-02-23T09:42:26Z",
      "resolved": "github:NixOS/nixpkgs/2d068ae5c6516b2d04562de50a58c682540de9bf#gitlint",
      "source": "devbox-search",
      "version": "0.19.1",
      "systems": {
        "aarch64-darwin": {
          "outputs": [
            {
              "name": "out",
              "path": "/nix/store/f1p0216d52xi2nyfb14r0k8ihbqkmbis-gitlint-0.19.1",
              "default": true
            },
            {
              "name": "dist",
              "path": "/nix/store/jcr8476x8dm23ibcn20vajw4fanbssm2-gitlint-0.19.1-dist"
            }
          ],
          "store_path": "/nix/store/f1p0216d52xi2nyfb14r0k8ihbqkmbis-gitlint-0.19.1"
        },
        "aarch64-linux": {
          "outputs": [
            {
              "name": "out",
              "path": "/nix/store/mrm05c1bs3kw1zxfdqyxm2q4q6qj01a3-gitlint-0.19.1",
              "default": true
            },
            {
              "name": "dist",
              "path": "/nix/store/24fxksnicm6kcvp826pnnbb22msqqm1d-gitlint-0.19.1-dist"
            }
          ],
          "store_path": "/nix/store/mrm05c1bs3kw1zxfdqyxm2q4q6qj01a3-gitlint-0.19.1"
        },
        "x86_64-darwin": {
          "outputs": [
            {
              "name": "out",
              "path": "/nix/store/wqvj3lgnlzdd3sbrymkva2c2b5055w6b-gitlint-0.19.1",
              "default": true
            },
            {
              "name": "dist",
              "path": "/nix/store/9ni8mwpkfyf0rin0qz5mi05p4a0rc3j3-gitlint-0.19.1-dist"
            }
          ],
          "store_path": "/nix/store/wqvj3lgnlzdd3sbrymkva2c2b5055w6b-gitlint-0.19.1"
        },
        "x86_64-linux": {
          "outputs": [
            {
              "name": "out",
              "path": "/nix/store/jy8xin3mf4kra3mlfdjrly59ii1lb0qd-gitlint-0.19.1",
              "default": true
            },
            {
              "name": "dist",
              "path": "/nix/store/m820b2cb1880knkib75krm6b9xmfg5g2-gitlint-0.19.1-dist"
            }
          ],
          "store_path": "/nix/store/jy8xin3mf4kra3mlfdjrly59ii1lb0qd-gitlint-0.19.1"
        }
      }
    },
    "go@1.22": {
      "last_modified": "2025-03-11T17:52:14Z",
      "resolved": "github:NixOS/nixpkgs/0d534853a55b5d02a4ababa1d71921ce8f0aee4c#go_1_22",
      "source": "devbox-search",
      "version": "1.22.12",
      "systems": {
        "aarch64-darwin": {
          "outputs": [
            {
              "name": "out",
              "path": "/nix/store/22cdyq96qa185whfsqq29bc226z0rjn9-go-1.22.12",
              "default": true
            }
          ],
          "store_path": "/nix/store/22cdyq96qa185whfsqq29bc226z0rjn9-go-1.22.12"
        },
        "aarch64-linux": {
          "outputs": [
            {
              "name": "out",
              "path": "/nix/store/j1r9hlabq874hmdzs062046jn0hqcgf0-go-1.22.12",
              "default": true
            }
          ],
          "store_path": "/nix/store/j1r9hlabq874hmdzs062046jn0hqcgf0-go-1.22.12"
        },
        "x86_64-darwin": {
          "outputs": [
            {
              "name": "out",
              "path": "/nix/store/h3152254ziz6ag01wnccj0dlp8990w1q-go-1.22.12",
              "default": true
            }
          ],
          "store_path": "/nix/store/h3152254ziz6ag01wnccj0dlp8990w1q-go-1.22.12"
        },
        "x86_64-linux": {
          "outputs": [
            {
              "name": "out",
              "path": "/nix/store/vkwykc9d7d26r4zriqgm90d7yfndspiy-go-1.22.12",
              "default": true
            }
          ],
          "store_path": "/nix/store/vkwykc9d7d26r4zriqgm90d7yfndspiy-go-1.22.12"
        }
      }
    },
    "gojq@latest": {
      "last_modified": "2025-02-23T09:42:26Z",
      "resolved": "github:NixOS/nixpkgs/2d068ae5c6516b2d04562de50a58c682540de9bf#gojq",
      "source": "devbox-search",
      "version": "0.12.17",
      "systems": {
        "aarch64-darwin": {
          "outputs": [
            {
              "name": "out",
              "path": "/nix/store/c7hkc8ma4pbpr51xk90vwlgflq93maa7-gojq-0.12.17",
              "default": true
            }
          ],
          "store_path": "/nix/store/c7hkc8ma4pbpr51xk90vwlgflq93maa7-gojq-0.12.17"
        },
        "aarch64-linux": {
          "outputs": [
            {
              "name": "out",
              "path": "/nix/store/qk5a8rqmnav5j69d3ygsl15lwmb1jqak-gojq-0.12.17",
              "default": true
            }
          ],
          "store_path": "/nix/store/qk5a8rqmnav5j69d3ygsl15lwmb1jqak-gojq-0.12.17"
        },
        "x86_64-darwin": {
          "outputs": [
            {
              "name": "out",
              "path": "/nix/store/hy0kb8vl9d49vmfqh8ik01b5i97cdhan-gojq-0.12.17",
              "default": true
            }
          ],
          "store_path": "/nix/store/hy0kb8vl9d49vmfqh8ik01b5i97cdhan-gojq-0.12.17"
        },
        "x86_64-linux": {
          "outputs": [
            {
              "name": "out",
              "path": "/nix/store/3psq63jp8qbgsp3dys2y15bmagmrqzcy-gojq-0.12.17",
              "default": true
            }
          ],
          "store_path": "/nix/store/3psq63jp8qbgsp3dys2y15bmagmrqzcy-gojq-0.12.17"
        }
      }
    },
    "golangci-lint@latest": {
      "last_modified": "2025-03-16T16:17:41Z",
      "resolved": "github:NixOS/nixpkgs/8f76cf16b17c51ae0cc8e55488069593f6dab645#golangci-lint",
      "source": "devbox-search",
      "version": "1.64.7",
      "systems": {
        "aarch64-darwin": {
          "outputs": [
            {
              "name": "out",
              "path": "/nix/store/34x05rpqww3l30wfnx2c5lg2j79kfjjw-golangci-lint-1.64.7",
              "default": true
            }
          ],
          "store_path": "/nix/store/34x05rpqww3l30wfnx2c5lg2j79kfjjw-golangci-lint-1.64.7"
        },
        "aarch64-linux": {
          "outputs": [
            {
              "name": "out",
              "path": "/nix/store/bgqlln3xcjb5nxvvygd7ss7xmwyd3wqa-golangci-lint-1.64.7",
              "default": true
            }
          ],
          "store_path": "/nix/store/bgqlln3xcjb5nxvvygd7ss7xmwyd3wqa-golangci-lint-1.64.7"
        },
        "x86_64-darwin": {
          "outputs": [
            {
              "name": "out",
              "path": "/nix/store/hff316fcclip9cwdjppcakx5fy83v7sj-golangci-lint-1.64.7",
              "default": true
            }
          ],
          "store_path": "/nix/store/hff316fcclip9cwdjppcakx5fy83v7sj-golangci-lint-1.64.7"
        },
        "x86_64-linux": {
          "outputs": [
            {
              "name": "out",
              "path": "/nix/store/vdq0ixi31wm5ypfv2wbpn5p95ahr9cf8-golangci-lint-1.64.7",
              "default": true
            }
          ],
          "store_path": "/nix/store/vdq0ixi31wm5ypfv2wbpn5p95ahr9cf8-golangci-lint-1.64.7"
        }
      }
    },
    "just@latest": {
      "last_modified": "2025-03-17T10:12:08Z",
      "resolved": "github:NixOS/nixpkgs/096478927c360bc18ea80c8274f013709cf7bdcd#just",
      "source": "devbox-search",
      "version": "1.39.0",
      "systems": {
        "aarch64-darwin": {
          "outputs": [
            {
              "name": "out",
              "path": "/nix/store/rsrpzvacsxab9r2kcijcdhz3k3sv0hr4-just-1.39.0",
              "default": true
            },
            {
              "name": "man",
              "path": "/nix/store/0xrvy26jc785hasvar4nkv6vgayljha7-just-1.39.0-man",
              "default": true
            },
            {
              "name": "doc",
              "path": "/nix/store/8ia8s6fswr3xssckiv7iw1pvd9lks8a0-just-1.39.0-doc"
            }
          ],
          "store_path": "/nix/store/rsrpzvacsxab9r2kcijcdhz3k3sv0hr4-just-1.39.0"
        },
        "aarch64-linux": {
          "outputs": [
            {
              "name": "out",
              "path": "/nix/store/nrna4lsqfbqppzi4rkqx1lxhz76a8dpf-just-1.39.0",
              "default": true
            },
            {
              "name": "man",
              "path": "/nix/store/r4cks6hdif2ldgpgk16ymiww71xyi9gm-just-1.39.0-man",
              "default": true
            },
            {
              "name": "doc",
              "path": "/nix/store/1ij71rygj6hap754rl06paavm1p58q82-just-1.39.0-doc"
            }
          ],
          "store_path": "/nix/store/nrna4lsqfbqppzi4rkqx1lxhz76a8dpf-just-1.39.0"
        },
        "x86_64-darwin": {
          "outputs": [
            {
              "name": "out",
              "path": "/nix/store/5r4b6163w6y6b20pks5jg4927pq5sy4w-just-1.39.0",
              "default": true
            },
            {
              "name": "man",
              "path": "/nix/store/a62hvcrsl8hjbirizav9cbc3r1daaxr3-just-1.39.0-man",
              "default": true
            },
            {
              "name": "doc",
              "path": "/nix/store/7kisy4m2f4zc3nnhwx7rygkic6c3a360-just-1.39.0-doc"
            }
          ],
          "store_path": "/nix/store/5r4b6163w6y6b20pks5jg4927pq5sy4w-just-1.39.0"
        },
        "x86_64-linux": {
          "outputs": [
            {
              "name": "out",
              "path": "/nix/store/xpk2z6s2p98pp6xm0zyl5f4x7aibw6vv-just-1.39.0",
              "default": true
            },
            {
              "name": "man",
              "path": "/nix/store/m7ab9fghr4zp84l02842n5b2j7xhgiyq-just-1.39.0-man",
              "default": true
            },
            {
              "name": "doc",
              "path": "/nix/store/3y8hj3rhxfhjmr96lcjx1q10cy8q070s-just-1.39.0-doc"
            }
          ],
          "store_path": "/nix/store/xpk2z6s2p98pp6xm0zyl5f4x7aibw6vv-just-1.39.0"
        }
      }
    },
    "kubernetes-helm@latest": {
      "last_modified": "2025-03-16T16:17:41Z",
      "resolved": "github:NixOS/nixpkgs/8f76cf16b17c51ae0cc8e55488069593f6dab645#kubernetes-helm",
      "source": "devbox-search",
      "version": "3.17.2",
      "systems": {
        "aarch64-darwin": {
          "outputs": [
            {
              "name": "out",
              "path": "/nix/store/brc3q5prx53ip89csfg37g9ydwwgfd1p-kubernetes-helm-3.17.2",
              "default": true
            }
          ],
          "store_path": "/nix/store/brc3q5prx53ip89csfg37g9ydwwgfd1p-kubernetes-helm-3.17.2"
        },
        "aarch64-linux": {
          "outputs": [
            {
              "name": "out",
              "path": "/nix/store/xrgs4la1szz3f3kf7w9g21wzp30mdfy2-kubernetes-helm-3.17.2",
              "default": true
            }
          ],
          "store_path": "/nix/store/xrgs4la1szz3f3kf7w9g21wzp30mdfy2-kubernetes-helm-3.17.2"
        },
        "x86_64-darwin": {
          "outputs": [
            {
              "name": "out",
              "path": "/nix/store/r10crkfz1nfn5yq18670jbsbjf09l4fg-kubernetes-helm-3.17.2",
              "default": true
            }
          ],
          "store_path": "/nix/store/r10crkfz1nfn5yq18670jbsbjf09l4fg-kubernetes-helm-3.17.2"
        },
        "x86_64-linux": {
          "outputs": [
            {
              "name": "out",
              "path": "/nix/store/0lhjm5b1k49rsirsrvsqasbrv1im6w6j-kubernetes-helm-3.17.2",
              "default": true
            }
          ],
          "store_path": "/nix/store/0lhjm5b1k49rsirsrvsqasbrv1im6w6j-kubernetes-helm-3.17.2"
        }
      }
    },
    "kustomize@latest": {
      "last_modified": "2025-02-23T09:42:26Z",
      "resolved": "github:NixOS/nixpkgs/2d068ae5c6516b2d04562de50a58c682540de9bf#kustomize",
      "source": "devbox-search",
      "version": "5.6.0",
      "systems": {
        "aarch64-darwin": {
          "outputs": [
            {
              "name": "out",
              "path": "/nix/store/y85spf2nmlffzmq9lyzl8db7i0acdsqf-kustomize-5.6.0",
              "default": true
            }
          ],
          "store_path": "/nix/store/y85spf2nmlffzmq9lyzl8db7i0acdsqf-kustomize-5.6.0"
        },
        "aarch64-linux": {
          "outputs": [
            {
              "name": "out",
              "path": "/nix/store/pwnmchq4bafvkbb84m62m8vqp9dqgaz8-kustomize-5.6.0",
              "default": true
            }
          ],
          "store_path": "/nix/store/pwnmchq4bafvkbb84m62m8vqp9dqgaz8-kustomize-5.6.0"
        },
        "x86_64-darwin": {
          "outputs": [
            {
              "name": "out",
              "path": "/nix/store/hrlykqw1jcl2ykzida4amf2s5sjhdsng-kustomize-5.6.0",
              "default": true
            }
          ],
          "store_path": "/nix/store/hrlykqw1jcl2ykzida4amf2s5sjhdsng-kustomize-5.6.0"
        },
        "x86_64-linux": {
          "outputs": [
            {
              "name": "out",
              "path": "/nix/store/cwclm6315x1cn2kswzfhfcqp13qf44b0-kustomize-5.6.0",
              "default": true
            }
          ],
          "store_path": "/nix/store/cwclm6315x1cn2kswzfhfcqp13qf44b0-kustomize-5.6.0"
        }
      }
    },
    "oras@latest": {
      "last_modified": "2025-02-23T09:42:26Z",
      "resolved": "github:NixOS/nixpkgs/2d068ae5c6516b2d04562de50a58c682540de9bf#oras",
      "source": "devbox-search",
      "version": "1.2.2",
      "systems": {
        "aarch64-darwin": {
          "outputs": [
            {
              "name": "out",
              "path": "/nix/store/87yb52pkcxwf244az4aqmw5zkkssai95-oras-1.2.2",
              "default": true
            }
          ],
          "store_path": "/nix/store/87yb52pkcxwf244az4aqmw5zkkssai95-oras-1.2.2"
        },
        "aarch64-linux": {
          "outputs": [
            {
              "name": "out",
              "path": "/nix/store/vn84an275xya825ji0x4sgz3fqdx9lry-oras-1.2.2",
              "default": true
            }
          ],
          "store_path": "/nix/store/vn84an275xya825ji0x4sgz3fqdx9lry-oras-1.2.2"
        },
        "x86_64-darwin": {
          "outputs": [
            {
              "name": "out",
              "path": "/nix/store/im39xs9l81f3ws3p5wrh30saldz6fwh3-oras-1.2.2",
              "default": true
            }
          ],
          "store_path": "/nix/store/im39xs9l81f3ws3p5wrh30saldz6fwh3-oras-1.2.2"
        },
        "x86_64-linux": {
          "outputs": [
            {
              "name": "out",
              "path": "/nix/store/95rw3119nqqsljbylq9f40v2mpv0ybqi-oras-1.2.2",
              "default": true
            }
          ],
          "store_path": "/nix/store/95rw3119nqqsljbylq9f40v2mpv0ybqi-oras-1.2.2"
        }
      }
    },
    "pre-commit@latest": {
      "last_modified": "2025-03-11T17:52:14Z",
      "resolved": "github:NixOS/nixpkgs/0d534853a55b5d02a4ababa1d71921ce8f0aee4c#pre-commit",
      "source": "devbox-search",
      "version": "4.0.1",
      "systems": {
        "aarch64-darwin": {
          "outputs": [
            {
              "name": "out",
              "path": "/nix/store/jnzjqcq7m65nxpd7df2nm718xwqxvrrr-pre-commit-4.0.1",
              "default": true
            },
            {
              "name": "dist",
              "path": "/nix/store/rf3w82bsrl07llsfmbl31znk80rj0rva-pre-commit-4.0.1-dist"
            }
          ],
          "store_path": "/nix/store/jnzjqcq7m65nxpd7df2nm718xwqxvrrr-pre-commit-4.0.1"
        },
        "aarch64-linux": {
          "outputs": [
            {
              "name": "out",
              "path": "/nix/store/929z0ppnwhxmyvp96i7880k6yy6mhxwr-pre-commit-4.0.1",
              "default": true
            },
            {
              "name": "dist",
              "path": "/nix/store/7vayqfjb2saq0pyry1jxybgmhrcg6qjk-pre-commit-4.0.1-dist"
            }
          ],
          "store_path": "/nix/store/929z0ppnwhxmyvp96i7880k6yy6mhxwr-pre-commit-4.0.1"
        },
        "x86_64-darwin": {
          "outputs": [
            {
              "name": "out",
              "path": "/nix/store/pada3w1zm4gz3h40yn0rkd3yz83ha86m-pre-commit-4.0.1",
              "default": true
            },
            {
              "name": "dist",
              "path": "/nix/store/d2g5xwiyjlii1qgxkksfphr050680mjd-pre-commit-4.0.1-dist"
            }
          ],
          "store_path": "/nix/store/pada3w1zm4gz3h40yn0rkd3yz83ha86m-pre-commit-4.0.1"
        },
        "x86_64-linux": {
          "outputs": [
            {
              "name": "out",
              "path": "/nix/store/zmngi6c56amnbwabs3fj5gya8dgizw9a-pre-commit-4.0.1",
              "default": true
            },
            {
              "name": "dist",
              "path": "/nix/store/bm3d1hznnjvg4ldnfkm911ha85mjj55f-pre-commit-4.0.1-dist"
            }
          ],
          "store_path": "/nix/store/zmngi6c56amnbwabs3fj5gya8dgizw9a-pre-commit-4.0.1"
        }
      }
    },
    "rsync@latest": {
      "last_modified": "2025-02-23T09:42:26Z",
      "resolved": "github:NixOS/nixpkgs/2d068ae5c6516b2d04562de50a58c682540de9bf#rsync",
      "source": "devbox-search",
      "version": "3.4.1",
      "systems": {
        "aarch64-darwin": {
          "outputs": [
            {
              "name": "out",
              "path": "/nix/store/4k24x8plns7bpv6jnd02nw4nw5pxhgqs-rsync-3.4.1",
              "default": true
            }
          ],
          "store_path": "/nix/store/4k24x8plns7bpv6jnd02nw4nw5pxhgqs-rsync-3.4.1"
        },
        "aarch64-linux": {
          "outputs": [
            {
              "name": "out",
              "path": "/nix/store/y148n4w0lrqxi115hp14kz532y4ngq5f-rsync-3.4.1",
              "default": true
            }
          ],
          "store_path": "/nix/store/y148n4w0lrqxi115hp14kz532y4ngq5f-rsync-3.4.1"
        },
        "x86_64-darwin": {
          "outputs": [
            {
              "name": "out",
              "path": "/nix/store/b3a895ppmi0qkrs963x9whva4s9ykgms-rsync-3.4.1",
              "default": true
            }
          ],
          "store_path": "/nix/store/b3a895ppmi0qkrs963x9whva4s9ykgms-rsync-3.4.1"
        },
        "x86_64-linux": {
          "outputs": [
            {
              "name": "out",
              "path": "/nix/store/69c5vqpb58dckbizfajqwl280bkpwf7g-rsync-3.4.1",
              "default": true
            }
          ],
          "store_path": "/nix/store/69c5vqpb58dckbizfajqwl280bkpwf7g-rsync-3.4.1"
        }
      }
    },
    "yq-go@latest": {
      "last_modified": "2025-03-03T21:29:37Z",
      "resolved": "github:NixOS/nixpkgs/02032da4af073d0f6110540c8677f16d4be0117f#yq-go",
      "source": "devbox-search",
      "version": "4.45.1",
      "systems": {
        "aarch64-darwin": {
          "outputs": [
            {
              "name": "out",
              "path": "/nix/store/8152sxq65mihlfrh0glq37whzg0aklk8-yq-go-4.45.1",
              "default": true
            }
          ],
          "store_path": "/nix/store/8152sxq65mihlfrh0glq37whzg0aklk8-yq-go-4.45.1"
        },
        "aarch64-linux": {
          "outputs": [
            {
              "name": "out",
              "path": "/nix/store/kn5sgwgs94gnsifzlcysb2xgiyvm3aqz-yq-go-4.45.1",
              "default": true
            }
          ],
          "store_path": "/nix/store/kn5sgwgs94gnsifzlcysb2xgiyvm3aqz-yq-go-4.45.1"
        },
        "x86_64-darwin": {
          "outputs": [
            {
              "name": "out",
              "path": "/nix/store/75s7m8wyfz5s869944zxyr7byvqchqif-yq-go-4.45.1",
              "default": true
            }
          ],
          "store_path": "/nix/store/75s7m8wyfz5s869944zxyr7byvqchqif-yq-go-4.45.1"
        },
        "x86_64-linux": {
          "outputs": [
            {
              "name": "out",
              "path": "/nix/store/r8lab8vdy98adpil6xvz716168dqx7kn-yq-go-4.45.1",
              "default": true
            }
          ],
          "store_path": "/nix/store/r8lab8vdy98adpil6xvz716168dqx7kn-yq-go-4.45.1"
        }
      }
    }
  }
}
